// !$*UTF8*$!
{
	archiveVersion = 1;
	classes = {
	};
	objectVersion = 56;
	objects = {

/* Begin PBXBuildFile section */
		61D9E56C56B5D743E61595B0 /* Pods_Example.framework in Frameworks */ = {isa = PBXBuildFile; fileRef = 5FEFED3D90F42DB667E1BD82 /* Pods_Example.framework */; };
		68477AF32B2409C600B8E73E /* StockTWResponse.swift in Sources */ = {isa = PBXBuildFile; fileRef = 68477AF22B2409C600B8E73E /* StockTWResponse.swift */; };
		68B86A802AE187E0004BD8C3 /* AppDelegate.swift in Sources */ = {isa = PBXBuildFile; fileRef = 68B86A7F2AE187E0004BD8C3 /* AppDelegate.swift */; };
		68B86A822AE187E0004BD8C3 /* SceneDelegate.swift in Sources */ = {isa = PBXBuildFile; fileRef = 68B86A812AE187E0004BD8C3 /* SceneDelegate.swift */; };
		68B86A842AE187E0004BD8C3 /* ViewController.swift in Sources */ = {isa = PBXBuildFile; fileRef = 68B86A832AE187E0004BD8C3 /* ViewController.swift */; };
		68B86A872AE187E0004BD8C3 /* Main.storyboard in Resources */ = {isa = PBXBuildFile; fileRef = 68B86A852AE187E0004BD8C3 /* Main.storyboard */; };
		68B86A892AE187E1004BD8C3 /* Assets.xcassets in Resources */ = {isa = PBXBuildFile; fileRef = 68B86A882AE187E1004BD8C3 /* Assets.xcassets */; };
		68B86A8C2AE187E1004BD8C3 /* LaunchScreen.storyboard in Resources */ = {isa = PBXBuildFile; fileRef = 68B86A8A2AE187E1004BD8C3 /* LaunchScreen.storyboard */; };
		68B86A952AE811B8004BD8C3 /* StockTWRequest.swift in Sources */ = {isa = PBXBuildFile; fileRef = 68B86A942AE811B8004BD8C3 /* StockTWRequest.swift */; };
		68B86A9B2AE81D0E004BD8C3 /* TokenAdapter.swift in Sources */ = {isa = PBXBuildFile; fileRef = 68B86A9A2AE81D0E004BD8C3 /* TokenAdapter.swift */; };
		CE7998F42AE26B7C00AA6633 /* API.swift in Sources */ = {isa = PBXBuildFile; fileRef = CE7998F32AE26B7C00AA6633 /* API.swift */; };
/* End PBXBuildFile section */

/* Begin PBXFileReference section */
		05ACBAB95C2A5B0FB32F033B /* Pods-Example.release.xcconfig */ = {isa = PBXFileReference; includeInIndex = 1; lastKnownFileType = text.xcconfig; name = "Pods-Example.release.xcconfig"; path = "Target Support Files/Pods-Example/Pods-Example.release.xcconfig"; sourceTree = "<group>"; };
		5FEFED3D90F42DB667E1BD82 /* Pods_Example.framework */ = {isa = PBXFileReference; explicitFileType = wrapper.framework; includeInIndex = 0; path = Pods_Example.framework; sourceTree = BUILT_PRODUCTS_DIR; };
		68477AF22B2409C600B8E73E /* StockTWResponse.swift */ = {isa = PBXFileReference; lastKnownFileType = sourcecode.swift; path = StockTWResponse.swift; sourceTree = "<group>"; };
		68B86A7C2AE187E0004BD8C3 /* Example.app */ = {isa = PBXFileReference; explicitFileType = wrapper.application; includeInIndex = 0; path = Example.app; sourceTree = BUILT_PRODUCTS_DIR; };
		68B86A7F2AE187E0004BD8C3 /* AppDelegate.swift */ = {isa = PBXFileReference; lastKnownFileType = sourcecode.swift; path = AppDelegate.swift; sourceTree = "<group>"; };
		68B86A812AE187E0004BD8C3 /* SceneDelegate.swift */ = {isa = PBXFileReference; lastKnownFileType = sourcecode.swift; path = SceneDelegate.swift; sourceTree = "<group>"; };
		68B86A832AE187E0004BD8C3 /* ViewController.swift */ = {isa = PBXFileReference; lastKnownFileType = sourcecode.swift; path = ViewController.swift; sourceTree = "<group>"; };
		68B86A862AE187E0004BD8C3 /* Base */ = {isa = PBXFileReference; lastKnownFileType = file.storyboard; name = Base; path = Base.lproj/Main.storyboard; sourceTree = "<group>"; };
		68B86A882AE187E1004BD8C3 /* Assets.xcassets */ = {isa = PBXFileReference; lastKnownFileType = folder.assetcatalog; path = Assets.xcassets; sourceTree = "<group>"; };
		68B86A8B2AE187E1004BD8C3 /* Base */ = {isa = PBXFileReference; lastKnownFileType = file.storyboard; name = Base; path = Base.lproj/LaunchScreen.storyboard; sourceTree = "<group>"; };
		68B86A8D2AE187E1004BD8C3 /* Info.plist */ = {isa = PBXFileReference; lastKnownFileType = text.plist.xml; path = Info.plist; sourceTree = "<group>"; };
		68B86A942AE811B8004BD8C3 /* StockTWRequest.swift */ = {isa = PBXFileReference; lastKnownFileType = sourcecode.swift; path = StockTWRequest.swift; sourceTree = "<group>"; };
		68B86A9A2AE81D0E004BD8C3 /* TokenAdapter.swift */ = {isa = PBXFileReference; lastKnownFileType = sourcecode.swift; path = TokenAdapter.swift; sourceTree = "<group>"; };
		B3CC25CC63AFDFC309A51ACC /* Pods-Example.debug.xcconfig */ = {isa = PBXFileReference; includeInIndex = 1; lastKnownFileType = text.xcconfig; name = "Pods-Example.debug.xcconfig"; path = "Target Support Files/Pods-Example/Pods-Example.debug.xcconfig"; sourceTree = "<group>"; };
		CE7998F32AE26B7C00AA6633 /* API.swift */ = {isa = PBXFileReference; lastKnownFileType = sourcecode.swift; path = API.swift; sourceTree = "<group>"; };
/* End PBXFileReference section */

/* Begin PBXFrameworksBuildPhase section */
		68B86A792AE187E0004BD8C3 /* Frameworks */ = {
			isa = PBXFrameworksBuildPhase;
			buildActionMask = 2147483647;
			files = (
				61D9E56C56B5D743E61595B0 /* Pods_Example.framework in Frameworks */,
			);
			runOnlyForDeploymentPostprocessing = 0;
		};
/* End PBXFrameworksBuildPhase section */

/* Begin PBXGroup section */
		68477AF12B2409B400B8E73E /* Response */ = {
			isa = PBXGroup;
			children = (
				68477AF22B2409C600B8E73E /* StockTWResponse.swift */,
			);
			path = Response;
			sourceTree = "<group>";
		};
		68B86A732AE187E0004BD8C3 = {
			isa = PBXGroup;
			children = (
				68B86A7E2AE187E0004BD8C3 /* Example */,
				68B86A7D2AE187E0004BD8C3 /* Products */,
				C668B23B732D58D26A4354A0 /* Pods */,
				AE7FCEB4DD3B617484CA194C /* Frameworks */,
			);
			sourceTree = "<group>";
		};
		68B86A7D2AE187E0004BD8C3 /* Products */ = {
			isa = PBXGroup;
			children = (
				68B86A7C2AE187E0004BD8C3 /* Example.app */,
			);
			name = Products;
			sourceTree = "<group>";
		};
		68B86A7E2AE187E0004BD8C3 /* Example */ = {
			isa = PBXGroup;
			children = (
				CE7998F52AE26BA500AA6633 /* Network */,
				68B86A7F2AE187E0004BD8C3 /* AppDelegate.swift */,
				68B86A812AE187E0004BD8C3 /* SceneDelegate.swift */,
				68B86A832AE187E0004BD8C3 /* ViewController.swift */,
				68B86A852AE187E0004BD8C3 /* Main.storyboard */,
				68B86A882AE187E1004BD8C3 /* Assets.xcassets */,
				68B86A8A2AE187E1004BD8C3 /* LaunchScreen.storyboard */,
				68B86A8D2AE187E1004BD8C3 /* Info.plist */,
			);
			path = Example;
			sourceTree = "<group>";
		};
		68B86A932AE80F4C004BD8C3 /* Request */ = {
			isa = PBXGroup;
			children = (
				68B86A942AE811B8004BD8C3 /* StockTWRequest.swift */,
			);
			path = Request;
			sourceTree = "<group>";
		};
		68B86A992AE81D05004BD8C3 /* Adapter */ = {
			isa = PBXGroup;
			children = (
				68B86A9A2AE81D0E004BD8C3 /* TokenAdapter.swift */,
			);
			path = Adapter;
			sourceTree = "<group>";
		};
		AE7FCEB4DD3B617484CA194C /* Frameworks */ = {
			isa = PBXGroup;
			children = (
				5FEFED3D90F42DB667E1BD82 /* Pods_Example.framework */,
			);
			name = Frameworks;
			sourceTree = "<group>";
		};
		C668B23B732D58D26A4354A0 /* Pods */ = {
			isa = PBXGroup;
			children = (
				B3CC25CC63AFDFC309A51ACC /* Pods-Example.debug.xcconfig */,
				05ACBAB95C2A5B0FB32F033B /* Pods-Example.release.xcconfig */,
			);
			path = Pods;
			sourceTree = "<group>";
		};
		CE7998F52AE26BA500AA6633 /* Network */ = {
			isa = PBXGroup;
			children = (
				68477AF12B2409B400B8E73E /* Response */,
				68B86A992AE81D05004BD8C3 /* Adapter */,
				68B86A932AE80F4C004BD8C3 /* Request */,
				CE7998F32AE26B7C00AA6633 /* API.swift */,
			);
			path = Network;
			sourceTree = "<group>";
		};
/* End PBXGroup section */

/* Begin PBXNativeTarget section */
		68B86A7B2AE187E0004BD8C3 /* Example */ = {
			isa = PBXNativeTarget;
			buildConfigurationList = 68B86A902AE187E1004BD8C3 /* Build configuration list for PBXNativeTarget "Example" */;
			buildPhases = (
				3CA6B9A4B23E24C9B7EBC766 /* [CP] Check Pods Manifest.lock */,
				68B86A782AE187E0004BD8C3 /* Sources */,
				68B86A792AE187E0004BD8C3 /* Frameworks */,
				68B86A7A2AE187E0004BD8C3 /* Resources */,
				366C7543E990A9D59B6BE4DF /* [CP] Embed Pods Frameworks */,
			);
			buildRules = (
			);
			dependencies = (
			);
			name = Example;
			productName = Example;
			productReference = 68B86A7C2AE187E0004BD8C3 /* Example.app */;
			productType = "com.apple.product-type.application";
		};
/* End PBXNativeTarget section */

/* Begin PBXProject section */
		68B86A742AE187E0004BD8C3 /* Project object */ = {
			isa = PBXProject;
			attributes = {
				BuildIndependentTargetsInParallel = 1;
				LastSwiftUpdateCheck = 1500;
				LastUpgradeCheck = 1500;
				TargetAttributes = {
					68B86A7B2AE187E0004BD8C3 = {
						CreatedOnToolsVersion = 15.0;
					};
				};
			};
			buildConfigurationList = 68B86A772AE187E0004BD8C3 /* Build configuration list for PBXProject "Example" */;
			compatibilityVersion = "Xcode 14.0";
			developmentRegion = en;
			hasScannedForEncodings = 0;
			knownRegions = (
				en,
				Base,
			);
			mainGroup = 68B86A732AE187E0004BD8C3;
			productRefGroup = 68B86A7D2AE187E0004BD8C3 /* Products */;
			projectDirPath = "";
			projectRoot = "";
			targets = (
				68B86A7B2AE187E0004BD8C3 /* Example */,
			);
		};
/* End PBXProject section */

/* Begin PBXResourcesBuildPhase section */
		68B86A7A2AE187E0004BD8C3 /* Resources */ = {
			isa = PBXResourcesBuildPhase;
			buildActionMask = 2147483647;
			files = (
				68B86A8C2AE187E1004BD8C3 /* LaunchScreen.storyboard in Resources */,
				68B86A892AE187E1004BD8C3 /* Assets.xcassets in Resources */,
				68B86A872AE187E0004BD8C3 /* Main.storyboard in Resources */,
			);
			runOnlyForDeploymentPostprocessing = 0;
		};
/* End PBXResourcesBuildPhase section */

/* Begin PBXShellScriptBuildPhase section */
		366C7543E990A9D59B6BE4DF /* [CP] Embed Pods Frameworks */ = {
			isa = PBXShellScriptBuildPhase;
			buildActionMask = 2147483647;
			files = (
			);
			inputFileListPaths = (
				"${PODS_ROOT}/Target Support Files/Pods-Example/Pods-Example-frameworks-${CONFIGURATION}-input-files.xcfilelist",
			);
			name = "[CP] Embed Pods Frameworks";
			outputFileListPaths = (
				"${PODS_ROOT}/Target Support Files/Pods-Example/Pods-Example-frameworks-${CONFIGURATION}-output-files.xcfilelist",
			);
			runOnlyForDeploymentPostprocessing = 0;
			shellPath = /bin/sh;
			shellScript = "\"${PODS_ROOT}/Target Support Files/Pods-Example/Pods-Example-frameworks.sh\"\n";
			showEnvVarsInLog = 0;
		};
		3CA6B9A4B23E24C9B7EBC766 /* [CP] Check Pods Manifest.lock */ = {
			isa = PBXShellScriptBuildPhase;
			buildActionMask = 2147483647;
			files = (
			);
			inputFileListPaths = (
			);
			inputPaths = (
				"${PODS_PODFILE_DIR_PATH}/Podfile.lock",
				"${PODS_ROOT}/Manifest.lock",
			);
			name = "[CP] Check Pods Manifest.lock";
			outputFileListPaths = (
			);
			outputPaths = (
				"$(DERIVED_FILE_DIR)/Pods-Example-checkManifestLockResult.txt",
			);
			runOnlyForDeploymentPostprocessing = 0;
			shellPath = /bin/sh;
			shellScript = "diff \"${PODS_PODFILE_DIR_PATH}/Podfile.lock\" \"${PODS_ROOT}/Manifest.lock\" > /dev/null\nif [ $? != 0 ] ; then\n    # print error to STDERR\n    echo \"error: The sandbox is not in sync with the Podfile.lock. Run 'pod install' or update your CocoaPods installation.\" >&2\n    exit 1\nfi\n# This output is used by Xcode 'outputs' to avoid re-running this script phase.\necho \"SUCCESS\" > \"${SCRIPT_OUTPUT_FILE_0}\"\n";
			showEnvVarsInLog = 0;
		};
/* End PBXShellScriptBuildPhase section */

/* Begin PBXSourcesBuildPhase section */
		68B86A782AE187E0004BD8C3 /* Sources */ = {
			isa = PBXSourcesBuildPhase;
			buildActionMask = 2147483647;
			files = (
				68B86A842AE187E0004BD8C3 /* ViewController.swift in Sources */,
				68B86A952AE811B8004BD8C3 /* StockTWRequest.swift in Sources */,
				68B86A802AE187E0004BD8C3 /* AppDelegate.swift in Sources */,
				CE7998F42AE26B7C00AA6633 /* API.swift in Sources */,
				68B86A9B2AE81D0E004BD8C3 /* TokenAdapter.swift in Sources */,
				68477AF32B2409C600B8E73E /* StockTWResponse.swift in Sources */,
				68B86A822AE187E0004BD8C3 /* SceneDelegate.swift in Sources */,
			);
			runOnlyForDeploymentPostprocessing = 0;
		};
/* End PBXSourcesBuildPhase section */

/* Begin PBXVariantGroup section */
		68B86A852AE187E0004BD8C3 /* Main.storyboard */ = {
			isa = PBXVariantGroup;
			children = (
				68B86A862AE187E0004BD8C3 /* Base */,
			);
			name = Main.storyboard;
			sourceTree = "<group>";
		};
		68B86A8A2AE187E1004BD8C3 /* LaunchScreen.storyboard */ = {
			isa = PBXVariantGroup;
			children = (
				68B86A8B2AE187E1004BD8C3 /* Base */,
			);
			name = LaunchScreen.storyboard;
			sourceTree = "<group>";
		};
/* End PBXVariantGroup section */

/* Begin XCBuildConfiguration section */
		68B86A8E2AE187E1004BD8C3 /* Debug */ = {
			isa = XCBuildConfiguration;
			buildSettings = {
				ALWAYS_SEARCH_USER_PATHS = NO;
				ASSETCATALOG_COMPILER_GENERATE_SWIFT_ASSET_SYMBOL_EXTENSIONS = YES;
				CLANG_ANALYZER_NONNULL = YES;
				CLANG_ANALYZER_NUMBER_OBJECT_CONVERSION = YES_AGGRESSIVE;
				CLANG_CXX_LANGUAGE_STANDARD = "gnu++20";
				CLANG_ENABLE_MODULES = YES;
				CLANG_ENABLE_OBJC_ARC = YES;
				CLANG_ENABLE_OBJC_WEAK = YES;
				CLANG_WARN_BLOCK_CAPTURE_AUTORELEASING = YES;
				CLANG_WARN_BOOL_CONVERSION = YES;
				CLANG_WARN_COMMA = YES;
				CLANG_WARN_CONSTANT_CONVERSION = YES;
				CLANG_WARN_DEPRECATED_OBJC_IMPLEMENTATIONS = YES;
				CLANG_WARN_DIRECT_OBJC_ISA_USAGE = YES_ERROR;
				CLANG_WARN_DOCUMENTATION_COMMENTS = YES;
				CLANG_WARN_EMPTY_BODY = YES;
				CLANG_WARN_ENUM_CONVERSION = YES;
				CLANG_WARN_INFINITE_RECURSION = YES;
				CLANG_WARN_INT_CONVERSION = YES;
				CLANG_WARN_NON_LITERAL_NULL_CONVERSION = YES;
				CLANG_WARN_OBJC_IMPLICIT_RETAIN_SELF = YES;
				CLANG_WARN_OBJC_LITERAL_CONVERSION = YES;
				CLANG_WARN_OBJC_ROOT_CLASS = YES_ERROR;
				CLANG_WARN_QUOTED_INCLUDE_IN_FRAMEWORK_HEADER = YES;
				CLANG_WARN_RANGE_LOOP_ANALYSIS = YES;
				CLANG_WARN_STRICT_PROTOTYPES = YES;
				CLANG_WARN_SUSPICIOUS_MOVE = YES;
				CLANG_WARN_UNGUARDED_AVAILABILITY = YES_AGGRESSIVE;
				CLANG_WARN_UNREACHABLE_CODE = YES;
				CLANG_WARN__DUPLICATE_METHOD_MATCH = YES;
				COPY_PHASE_STRIP = NO;
				DEBUG_INFORMATION_FORMAT = dwarf;
				ENABLE_STRICT_OBJC_MSGSEND = YES;
				ENABLE_TESTABILITY = YES;
				ENABLE_USER_SCRIPT_SANDBOXING = NO;
				GCC_C_LANGUAGE_STANDARD = gnu17;
				GCC_DYNAMIC_NO_PIC = NO;
				GCC_NO_COMMON_BLOCKS = YES;
				GCC_OPTIMIZATION_LEVEL = 0;
				GCC_PREPROCESSOR_DEFINITIONS = (
					"DEBUG=1",
					"$(inherited)",
				);
				GCC_WARN_64_TO_32_BIT_CONVERSION = YES;
				GCC_WARN_ABOUT_RETURN_TYPE = YES_ERROR;
				GCC_WARN_UNDECLARED_SELECTOR = YES;
				GCC_WARN_UNINITIALIZED_AUTOS = YES_AGGRESSIVE;
				GCC_WARN_UNUSED_FUNCTION = YES;
				GCC_WARN_UNUSED_VARIABLE = YES;
				IPHONEOS_DEPLOYMENT_TARGET = 13.0;
				LOCALIZATION_PREFERS_STRING_CATALOGS = YES;
				MTL_ENABLE_DEBUG_INFO = INCLUDE_SOURCE;
				MTL_FAST_MATH = YES;
				ONLY_ACTIVE_ARCH = YES;
				SDKROOT = iphoneos;
				SWIFT_ACTIVE_COMPILATION_CONDITIONS = "DEBUG $(inherited)";
				SWIFT_OPTIMIZATION_LEVEL = "-Onone";
			};
			name = Debug;
		};
		68B86A8F2AE187E1004BD8C3 /* Release */ = {
			isa = XCBuildConfiguration;
			buildSettings = {
				ALWAYS_SEARCH_USER_PATHS = NO;
				ASSETCATALOG_COMPILER_GENERATE_SWIFT_ASSET_SYMBOL_EXTENSIONS = YES;
				CLANG_ANALYZER_NONNULL = YES;
				CLANG_ANALYZER_NUMBER_OBJECT_CONVERSION = YES_AGGRESSIVE;
				CLANG_CXX_LANGUAGE_STANDARD = "gnu++20";
				CLANG_ENABLE_MODULES = YES;
				CLANG_ENABLE_OBJC_ARC = YES;
				CLANG_ENABLE_OBJC_WEAK = YES;
				CLANG_WARN_BLOCK_CAPTURE_AUTORELEASING = YES;
				CLANG_WARN_BOOL_CONVERSION = YES;
				CLANG_WARN_COMMA = YES;
				CLANG_WARN_CONSTANT_CONVERSION = YES;
				CLANG_WARN_DEPRECATED_OBJC_IMPLEMENTATIONS = YES;
				CLANG_WARN_DIRECT_OBJC_ISA_USAGE = YES_ERROR;
				CLANG_WARN_DOCUMENTATION_COMMENTS = YES;
				CLANG_WARN_EMPTY_BODY = YES;
				CLANG_WARN_ENUM_CONVERSION = YES;
				CLANG_WARN_INFINITE_RECURSION = YES;
				CLANG_WARN_INT_CONVERSION = YES;
				CLANG_WARN_NON_LITERAL_NULL_CONVERSION = YES;
				CLANG_WARN_OBJC_IMPLICIT_RETAIN_SELF = YES;
				CLANG_WARN_OBJC_LITERAL_CONVERSION = YES;
				CLANG_WARN_OBJC_ROOT_CLASS = YES_ERROR;
				CLANG_WARN_QUOTED_INCLUDE_IN_FRAMEWORK_HEADER = YES;
				CLANG_WARN_RANGE_LOOP_ANALYSIS = YES;
				CLANG_WARN_STRICT_PROTOTYPES = YES;
				CLANG_WARN_SUSPICIOUS_MOVE = YES;
				CLANG_WARN_UNGUARDED_AVAILABILITY = YES_AGGRESSIVE;
				CLANG_WARN_UNREACHABLE_CODE = YES;
				CLANG_WARN__DUPLICATE_METHOD_MATCH = YES;
				COPY_PHASE_STRIP = NO;
				DEBUG_INFORMATION_FORMAT = "dwarf-with-dsym";
				ENABLE_NS_ASSERTIONS = NO;
				ENABLE_STRICT_OBJC_MSGSEND = YES;
				ENABLE_USER_SCRIPT_SANDBOXING = NO;
				GCC_C_LANGUAGE_STANDARD = gnu17;
				GCC_NO_COMMON_BLOCKS = YES;
				GCC_WARN_64_TO_32_BIT_CONVERSION = YES;
				GCC_WARN_ABOUT_RETURN_TYPE = YES_ERROR;
				GCC_WARN_UNDECLARED_SELECTOR = YES;
				GCC_WARN_UNINITIALIZED_AUTOS = YES_AGGRESSIVE;
				GCC_WARN_UNUSED_FUNCTION = YES;
				GCC_WARN_UNUSED_VARIABLE = YES;
				IPHONEOS_DEPLOYMENT_TARGET = 13.0;
				LOCALIZATION_PREFERS_STRING_CATALOGS = YES;
				MTL_ENABLE_DEBUG_INFO = NO;
				MTL_FAST_MATH = YES;
				SDKROOT = iphoneos;
				SWIFT_COMPILATION_MODE = wholemodule;
				VALIDATE_PRODUCT = YES;
			};
			name = Release;
		};
		68B86A912AE187E1004BD8C3 /* Debug */ = {
			isa = XCBuildConfiguration;
			baseConfigurationReference = B3CC25CC63AFDFC309A51ACC /* Pods-Example.debug.xcconfig */;
			buildSettings = {
				ASSETCATALOG_COMPILER_APPICON_NAME = AppIcon;
				ASSETCATALOG_COMPILER_GLOBAL_ACCENT_COLOR_NAME = AccentColor;
				CODE_SIGN_STYLE = Automatic;
				CURRENT_PROJECT_VERSION = 1;
				DEVELOPMENT_TEAM = 53Q6P6AQV8;
				GENERATE_INFOPLIST_FILE = YES;
				INFOPLIST_FILE = Example/Info.plist;
				INFOPLIST_KEY_UIApplicationSupportsIndirectInputEvents = YES;
				INFOPLIST_KEY_UILaunchStoryboardName = LaunchScreen;
				INFOPLIST_KEY_UIMainStoryboardFile = Main;
				INFOPLIST_KEY_UISupportedInterfaceOrientations = "UIInterfaceOrientationLandscapeLeft UIInterfaceOrientationLandscapeRight";
				INFOPLIST_KEY_UISupportedInterfaceOrientations_iPad = "UIInterfaceOrientationLandscapeLeft UIInterfaceOrientationLandscapeRight UIInterfaceOrientationPortrait UIInterfaceOrientationPortraitUpsideDown";
				IPHONEOS_DEPLOYMENT_TARGET = 13.0;
				LD_RUNPATH_SEARCH_PATHS = (
					"$(inherited)",
					"@executable_path/Frameworks",
				);
				MARKETING_VERSION = 1.0;
				PRODUCT_BUNDLE_IDENTIFIER = com.WLNetwork.Example;
				PRODUCT_NAME = "$(TARGET_NAME)";
				SWIFT_EMIT_LOC_STRINGS = YES;
				SWIFT_VERSION = 5.0;
				TARGETED_DEVICE_FAMILY = "1,2";
			};
			name = Debug;
		};
		68B86A922AE187E1004BD8C3 /* Release */ = {
			isa = XCBuildConfiguration;
			baseConfigurationReference = 05ACBAB95C2A5B0FB32F033B /* Pods-Example.release.xcconfig */;
			buildSettings = {
				ASSETCATALOG_COMPILER_APPICON_NAME = AppIcon;
				ASSETCATALOG_COMPILER_GLOBAL_ACCENT_COLOR_NAME = AccentColor;
				CODE_SIGN_STYLE = Automatic;
				CURRENT_PROJECT_VERSION = 1;
				DEVELOPMENT_TEAM = 53Q6P6AQV8;
				GENERATE_INFOPLIST_FILE = YES;
				INFOPLIST_FILE = Example/Info.plist;
				INFOPLIST_KEY_UIApplicationSupportsIndirectInputEvents = YES;
				INFOPLIST_KEY_UILaunchStoryboardName = LaunchScreen;
				INFOPLIST_KEY_UIMainStoryboardFile = Main;
				INFOPLIST_KEY_UISupportedInterfaceOrientations = "UIInterfaceOrientationLandscapeLeft UIInterfaceOrientationLandscapeRight";
				INFOPLIST_KEY_UISupportedInterfaceOrientations_iPad = "UIInterfaceOrientationLandscapeLeft UIInterfaceOrientationLandscapeRight UIInterfaceOrientationPortrait UIInterfaceOrientationPortraitUpsideDown";
				IPHONEOS_DEPLOYMENT_TARGET = 13.0;
				LD_RUNPATH_SEARCH_PATHS = (
					"$(inherited)",
					"@executable_path/Frameworks",
				);
				MARKETING_VERSION = 1.0;
				PRODUCT_BUNDLE_IDENTIFIER = com.WLNetwork.Example;
				PRODUCT_NAME = "$(TARGET_NAME)";
				SWIFT_EMIT_LOC_STRINGS = YES;
				SWIFT_VERSION = 5.0;
				TARGETED_DEVICE_FAMILY = "1,2";
			};
			name = Release;
		};
/* End XCBuildConfiguration section */

/* Begin XCConfigurationList section */
		68B86A772AE187E0004BD8C3 /* Build configuration list for PBXProject "Example" */ = {
			isa = XCConfigurationList;
			buildConfigurations = (
				68B86A8E2AE187E1004BD8C3 /* Debug */,
				68B86A8F2AE187E1004BD8C3 /* Release */,
			);
			defaultConfigurationIsVisible = 0;
			defaultConfigurationName = Release;
		};
		68B86A902AE187E1004BD8C3 /* Build configuration list for PBXNativeTarget "Example" */ = {
			isa = XCConfigurationList;
			buildConfigurations = (
				68B86A912AE187E1004BD8C3 /* Debug */,
				68B86A922AE187E1004BD8C3 /* Release */,
			);
			defaultConfigurationIsVisible = 0;
			defaultConfigurationName = Release;
		};
/* End XCConfigurationList section */
	};
	rootObject = 68B86A742AE187E0004BD8C3 /* Project object */;
}
